Microsoft Visual Studio Solution File, Format Version 12.00
# Visual Studio Version 17
VisualStudioVersion = 17.5.2.0
MinimumVisualStudioVersion = 10.0.40219.1
Project("{FAE04EC0-301F-11D3-BF4B-00C04F79EFBC}") = "SecureApiJwtAuth", "SecureApiJwtAuth.csproj", "{9F990837-C15A-9B89-EE38-58FAE7669343}"
EndProject
Global
	GlobalSection(SolutionConfigurationPlatforms) = preSolution
		Debug|Any CPU = Debug|Any CPU
		Release|Any CPU = Release|Any CPU
	EndGlobalSection
	GlobalSection(ProjectConfigurationPlatforms) = postSolution
		{9F990837-C15A-9B89-EE38-58FAE7669343}.Debug|Any CPU.ActiveCfg = Debug|Any CPU
		{9F990837-C15A-9B89-EE38-58FAE7669343}.Debug|Any CPU.Build.0 = Debug|Any CPU
		{9F990837-C15A-9B89-EE38-58FAE7669343}.Release|Any CPU.ActiveCfg = Release|Any CPU
		{9F990837-C15A-9B89-EE38-58FAE7669343}.Release|Any CPU.Build.0 = Release|Any CPU
	EndGlobalSection
	GlobalSection(SolutionProperties) = preSolution
		HideSolutionNode = FALSE
	EndGlobalSection
	GlobalSection(ExtensibilityGlobals) = postSolution
		SolutionGuid = {EAB08218-19D5-4654-8FD2-31C3931F4053}
	EndGlobalSection
EndGlobal
